PODS:
  - AppCenter/Analytics (1.11.0):
    - AppCenter/Core
  - AppCenter/Core (1.11.0)
  - AppCenter/Crashes (1.11.0):
    - AppCenter/Core
  - AppCenterReactNativeShared (1.10.0):
    - AppCenter/Core (= 1.11.0)

DEPENDENCIES:
  - AppCenter/Analytics (~> 1.11.0)
  - AppCenter/Crashes (~> 1.11.0)
  - AppCenterReactNativeShared (~> 1.10.0)

SPEC CHECKSUMS:
  AppCenter: 3bccf8d733e337d0db574dd4cb0e33ab9637b7f2
  AppCenterReactNativeShared: a77b000c2ac6dc2e44472621d7d0770f196e5822

PODFILE CHECKSUM: fc0e8b32a459b12a32f77cb8fb94c9164699a823

COCOAPODS: 1.4.0
